
Microsoft Visual Studio Solution File, Format Version 12.00
# Visual Studio Version 17
VisualStudioVersion = 17.10.35122.118
MinimumVisualStudioVersion = 10.0.40219.1
Project("{FAE04EC0-301F-11D3-BF4B-00C04F79EFBC}") = "Assignment7", "Assignment7\Assignment7.csproj", "{30A753CE-BF9A-459B-97DC-9F50BFB0F82C}"
EndProject
Global
	GlobalSection(SolutionConfigurationPlatforms) = preSolution
		Debug|Any CPU = Debug|Any CPU
		Release|Any CPU = Release|Any CPU
	EndGlobalSection
	GlobalSection(ProjectConfigurationPlatforms) = postSolution
		{30A753CE-BF9A-459B-97DC-9F50BFB0F82C}.Debug|Any CPU.ActiveCfg = Debug|Any CPU
		{30A753CE-BF9A-459B-97DC-9F50BFB0F82C}.Debug|Any CPU.Build.0 = Debug|Any CPU
		{30A753CE-BF9A-459B-97DC-9F50BFB0F82C}.Release|Any CPU.ActiveCfg = Release|Any CPU
		{30A753CE-BF9A-459B-97DC-9F50BFB0F82C}.Release|Any CPU.Build.0 = Release|Any CPU
	EndGlobalSection
	GlobalSection(SolutionProperties) = preSolution
		HideSolutionNode = FALSE
	EndGlobalSection
	GlobalSection(ExtensibilityGlobals) = postSolution
		SolutionGuid = {61284202-9ABA-4C28-B7FF-ECD61408A2C3}
	EndGlobalSection
EndGlobal
